
Microsoft Visual Studio Solution File, Format Version 12.00
# Visual Studio Version 17
VisualStudioVersion = 17.14.36414.22
MinimumVisualStudioVersion = 10.0.40219.1
Project("{FAE04EC0-301F-11D3-BF4B-00C04F79EFBC}") = "Grocery.Api", "Grocery.Api\Grocery.Api.csproj", "{33A62CB6-43F8-415B-B7E8-24F6ED429BE0}"
EndProject
Project("{FAE04EC0-301F-11D3-BF4B-00C04F79EFBC}") = "Grocery.Data", "Grocery.Data\Grocery.Data.csproj", "{65E56E3B-E536-479F-8E1E-CEB74889681C}"
EndProject
Project("{FAE04EC0-301F-11D3-BF4B-00C04F79EFBC}") = "Grocery.Tests", "Grocery.Tests\Grocery.Tests.csproj", "{4BC20FFE-443F-4E55-9C34-A2547DB80178}"
EndProject
Project("{FAE04EC0-301F-11D3-BF4B-00C04F79EFBC}") = "Grocery.ThumbnailService", "Grocery.ThumbnailService\Grocery.ThumbnailService.csproj", "{0EEE5131-7DF0-613B-2FFB-58FAF260084E}"
EndProject
Global
	GlobalSection(SolutionConfigurationPlatforms) = preSolution
		Debug|Any CPU = Debug|Any CPU
		Release|Any CPU = Release|Any CPU
	EndGlobalSection
	GlobalSection(ProjectConfigurationPlatforms) = postSolution
		{33A62CB6-43F8-415B-B7E8-24F6ED429BE0}.Debug|Any CPU.ActiveCfg = Debug|Any CPU
		{33A62CB6-43F8-415B-B7E8-24F6ED429BE0}.Debug|Any CPU.Build.0 = Debug|Any CPU
		{33A62CB6-43F8-415B-B7E8-24F6ED429BE0}.Release|Any CPU.ActiveCfg = Release|Any CPU
		{33A62CB6-43F8-415B-B7E8-24F6ED429BE0}.Release|Any CPU.Build.0 = Release|Any CPU
		{65E56E3B-E536-479F-8E1E-CEB74889681C}.Debug|Any CPU.ActiveCfg = Debug|Any CPU
		{65E56E3B-E536-479F-8E1E-CEB74889681C}.Debug|Any CPU.Build.0 = Debug|Any CPU
		{65E56E3B-E536-479F-8E1E-CEB74889681C}.Release|Any CPU.ActiveCfg = Release|Any CPU
		{65E56E3B-E536-479F-8E1E-CEB74889681C}.Release|Any CPU.Build.0 = Release|Any CPU
		{4BC20FFE-443F-4E55-9C34-A2547DB80178}.Debug|Any CPU.ActiveCfg = Debug|Any CPU
		{4BC20FFE-443F-4E55-9C34-A2547DB80178}.Debug|Any CPU.Build.0 = Debug|Any CPU
		{4BC20FFE-443F-4E55-9C34-A2547DB80178}.Release|Any CPU.ActiveCfg = Release|Any CPU
		{4BC20FFE-443F-4E55-9C34-A2547DB80178}.Release|Any CPU.Build.0 = Release|Any CPU
		{0EEE5131-7DF0-613B-2FFB-58FAF260084E}.Debug|Any CPU.ActiveCfg = Debug|Any CPU
		{0EEE5131-7DF0-613B-2FFB-58FAF260084E}.Debug|Any CPU.Build.0 = Debug|Any CPU
		{0EEE5131-7DF0-613B-2FFB-58FAF260084E}.Release|Any CPU.ActiveCfg = Release|Any CPU
		{0EEE5131-7DF0-613B-2FFB-58FAF260084E}.Release|Any CPU.Build.0 = Release|Any CPU
	EndGlobalSection
	GlobalSection(SolutionProperties) = preSolution
		HideSolutionNode = FALSE
	EndGlobalSection
	GlobalSection(ExtensibilityGlobals) = postSolution
		SolutionGuid = {86E27E00-6271-4C6E-A2BF-C936A0F6DCD1}
	EndGlobalSection
EndGlobal
